// !$*UTF8*$!
{
	archiveVersion = 1;
	classes = {
	};
	objectVersion = 46;
	objects = {

/* Begin PBXBuildFile section */
		6B3F90F91D014F9800A4AAA6 /* AppDelegate.swift in Sources */ = {isa = PBXBuildFile; fileRef = 6B3F90F81D014F9800A4AAA6 /* AppDelegate.swift */; };
		6B3F90FB1D014F9800A4AAA6 /* ViewController.swift in Sources */ = {isa = PBXBuildFile; fileRef = 6B3F90FA1D014F9800A4AAA6 /* ViewController.swift */; };
		6B3F90FE1D014F9800A4AAA6 /* Main.storyboard in Resources */ = {isa = PBXBuildFile; fileRef = 6B3F90FC1D014F9800A4AAA6 /* Main.storyboard */; };
		6B3F91001D014F9800A4AAA6 /* Assets.xcassets in Resources */ = {isa = PBXBuildFile; fileRef = 6B3F90FF1D014F9800A4AAA6 /* Assets.xcassets */; };
		6B3F91031D014F9800A4AAA6 /* LaunchScreen.storyboard in Resources */ = {isa = PBXBuildFile; fileRef = 6B3F91011D014F9800A4AAA6 /* LaunchScreen.storyboard */; };
		6B3F910B1D014FD600A4AAA6 /* LFProgressView.swift in Sources */ = {isa = PBXBuildFile; fileRef = 6B3F910A1D014FD600A4AAA6 /* LFProgressView.swift */; };
/* End PBXBuildFile section */

/* Begin PBXFileReference section */
		6B3F90F51D014F9800A4AAA6 /* LFProgressView.app */ = {isa = PBXFileReference; explicitFileType = wrapper.application; includeInIndex = 0; path = LFProgressView.app; sourceTree = BUILT_PRODUCTS_DIR; };
		6B3F90F81D014F9800A4AAA6 /* AppDelegate.swift */ = {isa = PBXFileReference; lastKnownFileType = sourcecode.swift; path = AppDelegate.swift; sourceTree = "<group>"; };
		6B3F90FA1D014F9800A4AAA6 /* ViewController.swift */ = {isa = PBXFileReference; lastKnownFileType = sourcecode.swift; path = ViewController.swift; sourceTree = "<group>"; };
		6B3F90FD1D014F9800A4AAA6 /* Base */ = {isa = PBXFileReference; lastKnownFileType = file.storyboard; name = Base; path = Base.lproj/Main.storyboard; sourceTree = "<group>"; };
		6B3F90FF1D014F9800A4AAA6 /* Assets.xcassets */ = {isa = PBXFileReference; lastKnownFileType = folder.assetcatalog; path = Assets.xcassets; sourceTree = "<group>"; };
		6B3F91021D014F9800A4AAA6 /* Base */ = {isa = PBXFileReference; lastKnownFileType = file.storyboard; name = Base; path = Base.lproj/LaunchScreen.storyboard; sourceTree = "<group>"; };
		6B3F91041D014F9800A4AAA6 /* Info.plist */ = {isa = PBXFileReference; lastKnownFileType = text.plist.xml; path = Info.plist; sourceTree = "<group>"; };
		6B3F910A1D014FD600A4AAA6 /* LFProgressView.swift */ = {isa = PBXFileReference; fileEncoding = 4; lastKnownFileType = sourcecode.swift; path = LFProgressView.swift; sourceTree = "<group>"; };
/* End PBXFileReference section */

/* Begin PBXFrameworksBuildPhase section */
		6B3F90F21D014F9800A4AAA6 /* Frameworks */ = {
			isa = PBXFrameworksBuildPhase;
			buildActionMask = 2147483647;
			files = (
			);
			runOnlyForDeploymentPostprocessing = 0;
		};
/* End PBXFrameworksBuildPhase section */

/* Begin PBXGroup section */
		6B3F90EC1D014F9800A4AAA6 = {
			isa = PBXGroup;
			children = (
				6B3F90F71D014F9800A4AAA6 /* LFProgressView */,
				6B3F90F61D014F9800A4AAA6 /* Products */,
			);
			sourceTree = "<group>";
		};
		6B3F90F61D014F9800A4AAA6 /* Products */ = {
			isa = PBXGroup;
			children = (
				6B3F90F51D014F9800A4AAA6 /* LFProgressView.app */,
			);
			name = Products;
			sourceTree = "<group>";
		};
		6B3F90F71D014F9800A4AAA6 /* LFProgressView */ = {
			isa = PBXGroup;
			children = (
				6B3F90F81D014F9800A4AAA6 /* AppDelegate.swift */,
				6B3F90FA1D014F9800A4AAA6 /* ViewController.swift */,
				6B3F910A1D014FD600A4AAA6 /* LFProgressView.swift */,
				6B3F90FC1D014F9800A4AAA6 /* Main.storyboard */,
				6B3F90FF1D014F9800A4AAA6 /* Assets.xcassets */,
				6B3F91011D014F9800A4AAA6 /* LaunchScreen.storyboard */,
				6B3F91041D014F9800A4AAA6 /* Info.plist */,
			);
			path = LFProgressView;
			sourceTree = "<group>";
		};
/* End PBXGroup section */

/* Begin PBXNativeTarget section */
		6B3F90F41D014F9800A4AAA6 /* LFProgressView */ = {
			isa = PBXNativeTarget;
			buildConfigurationList = 6B3F91071D014F9800A4AAA6 /* Build configuration list for PBXNativeTarget "LFProgressView" */;
			buildPhases = (
				6B3F90F11D014F9800A4AAA6 /* Sources */,
				6B3F90F21D014F9800A4AAA6 /* Frameworks */,
				6B3F90F31D014F9800A4AAA6 /* Resources */,
			);
			buildRules = (
			);
			dependencies = (
			);
			name = LFProgressView;
			productName = LFProgressView;
			productReference = 6B3F90F51D014F9800A4AAA6 /* LFProgressView.app */;
			productType = "com.apple.product-type.application";
		};
/* End PBXNativeTarget section */

/* Begin PBXProject section */
		6B3F90ED1D014F9800A4AAA6 /* Project object */ = {
			isa = PBXProject;
			attributes = {
				LastSwiftUpdateCheck = 0730;
				LastUpgradeCheck = 0730;
				ORGANIZATIONNAME = Menglingfeng;
				TargetAttributes = {
					6B3F90F41D014F9800A4AAA6 = {
						CreatedOnToolsVersion = 7.3;
						DevelopmentTeam = 399QNNBLV4;
					};
				};
			};
			buildConfigurationList = 6B3F90F01D014F9800A4AAA6 /* Build configuration list for PBXProject "LFProgressView" */;
			compatibilityVersion = "Xcode 3.2";
			developmentRegion = English;
			hasScannedForEncodings = 0;
			knownRegions = (
				en,
				Base,
			);
			mainGroup = 6B3F90EC1D014F9800A4AAA6;
			productRefGroup = 6B3F90F61D014F9800A4AAA6 /* Products */;
			projectDirPath = "";
			projectRoot = "";
			targets = (
				6B3F90F41D014F9800A4AAA6 /* LFProgressView */,
			);
		};
/* End PBXProject section */

/* Begin PBXResourcesBuildPhase section */
		6B3F90F31D014F9800A4AAA6 /* Resources */ = {
			isa = PBXResourcesBuildPhase;
			buildActionMask = 2147483647;
			files = (
				6B3F91031D014F9800A4AAA6 /* LaunchScreen.storyboard in Resources */,
				6B3F91001D014F9800A4AAA6 /* Assets.xcassets in Resources */,
				6B3F90FE1D014F9800A4AAA6 /* Main.storyboard in Resources */,
			);
			runOnlyForDeploymentPostprocessing = 0;
		};
/* End PBXResourcesBuildPhase section */

/* Begin PBXSourcesBuildPhase section */
		6B3F90F11D014F9800A4AAA6 /* Sources */ = {
			isa = PBXSourcesBuildPhase;
			buildActionMask = 2147483647;
			files = (
				6B3F910B1D014FD600A4AAA6 /* LFProgressView.swift in Sources */,
				6B3F90FB1D014F9800A4AAA6 /* ViewController.swift in Sources */,
				6B3F90F91D014F9800A4AAA6 /* AppDelegate.swift in Sources */,
			);
			runOnlyForDeploymentPostprocessing = 0;
		};
/* End PBXSourcesBuildPhase section */

/* Begin PBXVariantGroup section */
		6B3F90FC1D014F9800A4AAA6 /* Main.storyboard */ = {
			isa = PBXVariantGroup;
			children = (
				6B3F90FD1D014F9800A4AAA6 /* Base */,
			);
			name = Main.storyboard;
			sourceTree = "<group>";
		};
		6B3F91011D014F9800A4AAA6 /* LaunchScreen.storyboard */ = {
			isa = PBXVariantGroup;
			children = (
				6B3F91021D014F9800A4AAA6 /* Base */,
			);
			name = LaunchScreen.storyboard;
			sourceTree = "<group>";
		};
/* End PBXVariantGroup section */

/* Begin XCBuildConfiguration section */
		6B3F91051D014F9800A4AAA6 /* Debug */ = {
			isa = XCBuildConfiguration;
			buildSettings = {
				ALWAYS_SEARCH_USER_PATHS = NO;
				CLANG_ANALYZER_NONNULL = YES;
				CLANG_CXX_LANGUAGE_STANDARD = "gnu++0x";
				CLANG_CXX_LIBRARY = "libc++";
				CLANG_ENABLE_MODULES = YES;
				CLANG_ENABLE_OBJC_ARC = YES;
				CLANG_WARN_BOOL_CONVERSION = YES;
				CLANG_WARN_CONSTANT_CONVERSION = YES;
				CLANG_WARN_DIRECT_OBJC_ISA_USAGE = YES_ERROR;
				CLANG_WARN_EMPTY_BODY = YES;
				CLANG_WARN_ENUM_CONVERSION = YES;
				CLANG_WARN_INT_CONVERSION = YES;
				CLANG_WARN_OBJC_ROOT_CLASS = YES_ERROR;
				CLANG_WARN_UNREACHABLE_CODE = YES;
				CLANG_WARN__DUPLICATE_METHOD_MATCH = YES;
				"CODE_SIGN_IDENTITY[sdk=iphoneos*]" = "iPhone Developer";
				COPY_PHASE_STRIP = NO;
				DEBUG_INFORMATION_FORMAT = dwarf;
				ENABLE_STRICT_OBJC_MSGSEND = YES;
				ENABLE_TESTABILITY = YES;
				GCC_C_LANGUAGE_STANDARD = gnu99;
				GCC_DYNAMIC_NO_PIC = NO;
				GCC_NO_COMMON_BLOCKS = YES;
				GCC_OPTIMIZATION_LEVEL = 0;
				GCC_PREPROCESSOR_DEFINITIONS = (
					"DEBUG=1",
					"$(inherited)",
				);
				GCC_WARN_64_TO_32_BIT_CONVERSION = YES;
				GCC_WARN_ABOUT_RETURN_TYPE = YES_ERROR;
				GCC_WARN_UNDECLARED_SELECTOR = YES;
				GCC_WARN_UNINITIALIZED_AUTOS = YES_AGGRESSIVE;
				GCC_WARN_UNUSED_FUNCTION = YES;
				GCC_WARN_UNUSED_VARIABLE = YES;
				IPHONEOS_DEPLOYMENT_TARGET = 9.3;
				MTL_ENABLE_DEBUG_INFO = YES;
				ONLY_ACTIVE_ARCH = YES;
				SDKROOT = iphoneos;
				SWIFT_OPTIMIZATION_LEVEL = "-Onone";
			};
			name = Debug;
		};
		6B3F91061D014F9800A4AAA6 /* Release */ = {
			isa = XCBuildConfiguration;
			buildSettings = {
				ALWAYS_SEARCH_USER_PATHS = NO;
				CLANG_ANALYZER_NONNULL = YES;
				CLANG_CXX_LANGUAGE_STANDARD = "gnu++0x";
				CLANG_CXX_LIBRARY = "libc++";
				CLANG_ENABLE_MODULES = YES;
				CLANG_ENABLE_OBJC_ARC = YES;
				CLANG_WARN_BOOL_CONVERSION = YES;
				CLANG_WARN_CONSTANT_CONVERSION = YES;
				CLANG_WARN_DIRECT_OBJC_ISA_USAGE = YES_ERROR;
				CLANG_WARN_EMPTY_BODY = YES;
				CLANG_WARN_ENUM_CONVERSION = YES;
				CLANG_WARN_INT_CONVERSION = YES;
				CLANG_WARN_OBJC_ROOT_CLASS = YES_ERROR;
				CLANG_WARN_UNREACHABLE_CODE = YES;
				CLANG_WARN__DUPLICATE_METHOD_MATCH = YES;
				"CODE_SIGN_IDENTITY[sdk=iphoneos*]" = "iPhone Developer";
				COPY_PHASE_STRIP = NO;
				DEBUG_INFORMATION_FORMAT = "dwarf-with-dsym";
				ENABLE_NS_ASSERTIONS = NO;
				ENABLE_STRICT_OBJC_MSGSEND = YES;
				GCC_C_LANGUAGE_STANDARD = gnu99;
				GCC_NO_COMMON_BLOCKS = YES;
				GCC_WARN_64_TO_32_BIT_CONVERSION = YES;
				GCC_WARN_ABOUT_RETURN_TYPE = YES_ERROR;
				GCC_WARN_UNDECLARED_SELECTOR = YES;
				GCC_WARN_UNINITIALIZED_AUTOS = YES_AGGRESSIVE;
				GCC_WARN_UNUSED_FUNCTION = YES;
				GCC_WARN_UNUSED_VARIABLE = YES;
				IPHONEOS_DEPLOYMENT_TARGET = 9.3;
				MTL_ENABLE_DEBUG_INFO = NO;
				SDKROOT = iphoneos;
				VALIDATE_PRODUCT = YES;
			};
			name = Release;
		};
		6B3F91081D014F9800A4AAA6 /* Debug */ = {
			isa = XCBuildConfiguration;
			buildSettings = {
				ASSETCATALOG_COMPILER_APPICON_NAME = AppIcon;
				CODE_SIGN_IDENTITY = "iPhone Developer";
				"CODE_SIGN_IDENTITY[sdk=iphoneos*]" = "iPhone Developer";
				INFOPLIST_FILE = LFProgressView/Info.plist;
				IPHONEOS_DEPLOYMENT_TARGET = 8.0;
				LD_RUNPATH_SEARCH_PATHS = "$(inherited) @executable_path/Frameworks";
				PRODUCT_BUNDLE_IDENTIFIER = com.select.LFProgressView;
				PRODUCT_NAME = "$(TARGET_NAME)";
				PROVISIONING_PROFILE = "";
			};
			name = Debug;
		};
		6B3F91091D014F9800A4AAA6 /* Release */ = {
			isa = XCBuildConfiguration;
			buildSettings = {
				ASSETCATALOG_COMPILER_APPICON_NAME = AppIcon;
				CODE_SIGN_IDENTITY = "iPhone Developer";
				"CODE_SIGN_IDENTITY[sdk=iphoneos*]" = "iPhone Developer";
				INFOPLIST_FILE = LFProgressView/Info.plist;
				IPHONEOS_DEPLOYMENT_TARGET = 8.0;
				LD_RUNPATH_SEARCH_PATHS = "$(inherited) @executable_path/Frameworks";
				PRODUCT_BUNDLE_IDENTIFIER = com.select.LFProgressView;
				PRODUCT_NAME = "$(TARGET_NAME)";
				PROVISIONING_PROFILE = "";
			};
			name = Release;
		};
/* End XCBuildConfiguration section */

/* Begin XCConfigurationList section */
		6B3F90F01D014F9800A4AAA6 /* Build configuration list for PBXProject "LFProgressView" */ = {
			isa = XCConfigurationList;
			buildConfigurations = (
				6B3F91051D014F9800A4AAA6 /* Debug */,
				6B3F91061D014F9800A4AAA6 /* Release */,
			);
			defaultConfigurationIsVisible = 0;
			defaultConfigurationName = Release;
		};
		6B3F91071D014F9800A4AAA6 /* Build configuration list for PBXNativeTarget "LFProgressView" */ = {
			isa = XCConfigurationList;
			buildConfigurations = (
				6B3F91081D014F9800A4AAA6 /* Debug */,
				6B3F91091D014F9800A4AAA6 /* Release */,
			);
			defaultConfigurationIsVisible = 0;
			defaultConfigurationName = Release;
		};
/* End XCConfigurationList section */
	};
	rootObject = 6B3F90ED1D014F9800A4AAA6 /* Project object */;
}
